// !$*UTF8*$!
{
	archiveVersion = 1;
	classes = {
	};
	objectVersion = 55;
	objects = {

/* Begin PBXBuildFile section */
		905321502800A33600C6141E /* studuwidgetsApp.swift in Sources */ = {isa = PBXBuildFile; fileRef = 9053214F2800A33600C6141E /* studuwidgetsApp.swift */; };
		905321542800A33700C6141E /* Assets.xcassets in Resources */ = {isa = PBXBuildFile; fileRef = 905321532800A33700C6141E /* Assets.xcassets */; };
		905321572800A33700C6141E /* Preview Assets.xcassets in Resources */ = {isa = PBXBuildFile; fileRef = 905321562800A33700C6141E /* Preview Assets.xcassets */; };
		9053CC572802D93F00C0559F /* LoginView.swift in Sources */ = {isa = PBXBuildFile; fileRef = 9053CC562802D93F00C0559F /* LoginView.swift */; };
		9053CC5D2806E68900C0559F /* ColorStylesView.swift in Sources */ = {isa = PBXBuildFile; fileRef = 9053CC5C2806E68900C0559F /* ColorStylesView.swift */; };
		90D803C42800A63600475B05 /* HomeView.swift in Sources */ = {isa = PBXBuildFile; fileRef = 90D803C32800A63600475B05 /* HomeView.swift */; };
		90D803C92800A6A700475B05 /* ContentModel.swift in Sources */ = {isa = PBXBuildFile; fileRef = 90D803C82800A6A700475B05 /* ContentModel.swift */; };
		90D803CB2800A6DC00475B05 /* LaunchScreen.storyboard in Resources */ = {isa = PBXBuildFile; fileRef = 90D803CA2800A6DC00475B05 /* LaunchScreen.storyboard */; };
		90D803CD2800AA5B00475B05 /* PreferenceKeys.swift in Sources */ = {isa = PBXBuildFile; fileRef = 90D803CC2800AA5B00475B05 /* PreferenceKeys.swift */; };
		90D803CF2800AA8300475B05 /* NavigationBar.swift in Sources */ = {isa = PBXBuildFile; fileRef = 90D803CE2800AA8300475B05 /* NavigationBar.swift */; };
		90D803D12800AABC00475B05 /* AnimatableFontModifier.swift in Sources */ = {isa = PBXBuildFile; fileRef = 90D803D02800AABC00475B05 /* AnimatableFontModifier.swift */; };
		90D803D32800AAF100475B05 /* WhatsNew.swift in Sources */ = {isa = PBXBuildFile; fileRef = 90D803D22800AAF100475B05 /* WhatsNew.swift */; };
		90D803D52800AB0E00475B05 /* Styles.swift in Sources */ = {isa = PBXBuildFile; fileRef = 90D803D42800AB0E00475B05 /* Styles.swift */; };
		90D803D72800ABD200475B05 /* AccountView.swift in Sources */ = {isa = PBXBuildFile; fileRef = 90D803D62800ABD200475B05 /* AccountView.swift */; };
		90D803DD2801796C00475B05 /* TimetableItem.swift in Sources */ = {isa = PBXBuildFile; fileRef = 90D803DC2801796C00475B05 /* TimetableItem.swift */; };
		90D803DF2801797500475B05 /* LunchItem.swift in Sources */ = {isa = PBXBuildFile; fileRef = 90D803DE2801797500475B05 /* LunchItem.swift */; };
		90D803E128017E8400475B05 /* TimetableSheet.swift in Sources */ = {isa = PBXBuildFile; fileRef = 90D803E028017E8400475B05 /* TimetableSheet.swift */; };
		90D803E328017E8A00475B05 /* LunchSheet.swift in Sources */ = {isa = PBXBuildFile; fileRef = 90D803E228017E8A00475B05 /* LunchSheet.swift */; };
		90D803E5280180F000475B05 /* AnimatedBlobView.swift in Sources */ = {isa = PBXBuildFile; fileRef = 90D803E4280180F000475B05 /* AnimatedBlobView.swift */; };
/* End PBXBuildFile section */

/* Begin PBXFileReference section */
		9053214C2800A33600C6141E /* StuduWidgets.app */ = {isa = PBXFileReference; explicitFileType = wrapper.application; includeInIndex = 0; path = StuduWidgets.app; sourceTree = BUILT_PRODUCTS_DIR; };
		9053214F2800A33600C6141E /* studuwidgetsApp.swift */ = {isa = PBXFileReference; lastKnownFileType = sourcecode.swift; path = studuwidgetsApp.swift; sourceTree = "<group>"; };
		905321532800A33700C6141E /* Assets.xcassets */ = {isa = PBXFileReference; lastKnownFileType = folder.assetcatalog; path = Assets.xcassets; sourceTree = "<group>"; };
		905321562800A33700C6141E /* Preview Assets.xcassets */ = {isa = PBXFileReference; lastKnownFileType = folder.assetcatalog; path = "Preview Assets.xcassets"; sourceTree = "<group>"; };
		9053CC562802D93F00C0559F /* LoginView.swift */ = {isa = PBXFileReference; lastKnownFileType = sourcecode.swift; path = LoginView.swift; sourceTree = "<group>"; };
		9053CC5C2806E68900C0559F /* ColorStylesView.swift */ = {isa = PBXFileReference; lastKnownFileType = sourcecode.swift; path = ColorStylesView.swift; sourceTree = "<group>"; };
		90D803C32800A63600475B05 /* HomeView.swift */ = {isa = PBXFileReference; lastKnownFileType = sourcecode.swift; path = HomeView.swift; sourceTree = "<group>"; };
		90D803C82800A6A700475B05 /* ContentModel.swift */ = {isa = PBXFileReference; lastKnownFileType = sourcecode.swift; path = ContentModel.swift; sourceTree = "<group>"; };
		90D803CA2800A6DC00475B05 /* LaunchScreen.storyboard */ = {isa = PBXFileReference; lastKnownFileType = file.storyboard; path = LaunchScreen.storyboard; sourceTree = "<group>"; };
		90D803CC2800AA5B00475B05 /* PreferenceKeys.swift */ = {isa = PBXFileReference; lastKnownFileType = sourcecode.swift; path = PreferenceKeys.swift; sourceTree = "<group>"; };
		90D803CE2800AA8300475B05 /* NavigationBar.swift */ = {isa = PBXFileReference; lastKnownFileType = sourcecode.swift; path = NavigationBar.swift; sourceTree = "<group>"; };
		90D803D02800AABC00475B05 /* AnimatableFontModifier.swift */ = {isa = PBXFileReference; lastKnownFileType = sourcecode.swift; path = AnimatableFontModifier.swift; sourceTree = "<group>"; };
		90D803D22800AAF100475B05 /* WhatsNew.swift */ = {isa = PBXFileReference; lastKnownFileType = sourcecode.swift; path = WhatsNew.swift; sourceTree = "<group>"; };
		90D803D42800AB0E00475B05 /* Styles.swift */ = {isa = PBXFileReference; lastKnownFileType = sourcecode.swift; path = Styles.swift; sourceTree = "<group>"; };
		90D803D62800ABD200475B05 /* AccountView.swift */ = {isa = PBXFileReference; lastKnownFileType = sourcecode.swift; path = AccountView.swift; sourceTree = "<group>"; };
		90D803DC2801796C00475B05 /* TimetableItem.swift */ = {isa = PBXFileReference; lastKnownFileType = sourcecode.swift; path = TimetableItem.swift; sourceTree = "<group>"; };
		90D803DE2801797500475B05 /* LunchItem.swift */ = {isa = PBXFileReference; lastKnownFileType = sourcecode.swift; path = LunchItem.swift; sourceTree = "<group>"; };
		90D803E028017E8400475B05 /* TimetableSheet.swift */ = {isa = PBXFileReference; lastKnownFileType = sourcecode.swift; path = TimetableSheet.swift; sourceTree = "<group>"; };
		90D803E228017E8A00475B05 /* LunchSheet.swift */ = {isa = PBXFileReference; lastKnownFileType = sourcecode.swift; path = LunchSheet.swift; sourceTree = "<group>"; };
		90D803E4280180F000475B05 /* AnimatedBlobView.swift */ = {isa = PBXFileReference; lastKnownFileType = sourcecode.swift; path = AnimatedBlobView.swift; sourceTree = "<group>"; };
/* End PBXFileReference section */

/* Begin PBXFrameworksBuildPhase section */
		905321492800A33600C6141E /* Frameworks */ = {
			isa = PBXFrameworksBuildPhase;
			buildActionMask = 2147483647;
			files = (
			);
			runOnlyForDeploymentPostprocessing = 0;
		};
/* End PBXFrameworksBuildPhase section */

/* Begin PBXGroup section */
		905321432800A33600C6141E = {
			isa = PBXGroup;
			children = (
				9053214E2800A33600C6141E /* StuduWidgets */,
				9053214D2800A33600C6141E /* Products */,
			);
			sourceTree = "<group>";
		};
		9053214D2800A33600C6141E /* Products */ = {
			isa = PBXGroup;
			children = (
				9053214C2800A33600C6141E /* StuduWidgets.app */,
			);
			name = Products;
			sourceTree = "<group>";
		};
		9053214E2800A33600C6141E /* StuduWidgets */ = {
			isa = PBXGroup;
			children = (
				90D803CA2800A6DC00475B05 /* LaunchScreen.storyboard */,
				9053214F2800A33600C6141E /* studuwidgetsApp.swift */,
				90D803C72800A68B00475B05 /* Styles */,
				90D803C22800A62900475B05 /* Views */,
				90D803C62800A67C00475B05 /* Components */,
				90D803C52800A66A00475B05 /* ViewModels */,
				905321532800A33700C6141E /* Assets.xcassets */,
				905321552800A33700C6141E /* Preview Content */,
			);
			path = StuduWidgets;
			sourceTree = "<group>";
		};
		905321552800A33700C6141E /* Preview Content */ = {
			isa = PBXGroup;
			children = (
				905321562800A33700C6141E /* Preview Assets.xcassets */,
			);
			path = "Preview Content";
			sourceTree = "<group>";
		};
		90D803C22800A62900475B05 /* Views */ = {
			isa = PBXGroup;
			children = (
				90D803C32800A63600475B05 /* HomeView.swift */,
				90D803D62800ABD200475B05 /* AccountView.swift */,
				9053CC562802D93F00C0559F /* LoginView.swift */,
				90D803E028017E8400475B05 /* TimetableSheet.swift */,
				90D803E228017E8A00475B05 /* LunchSheet.swift */,
				9053CC5C2806E68900C0559F /* ColorStylesView.swift */,
			);
			path = Views;
			sourceTree = "<group>";
		};
		90D803C52800A66A00475B05 /* ViewModels */ = {
			isa = PBXGroup;
			children = (
				90D803C82800A6A700475B05 /* ContentModel.swift */,
				90D803CC2800AA5B00475B05 /* PreferenceKeys.swift */,
			);
			path = ViewModels;
			sourceTree = "<group>";
		};
		90D803C62800A67C00475B05 /* Components */ = {
			isa = PBXGroup;
			children = (
				90D803CE2800AA8300475B05 /* NavigationBar.swift */,
				90D803E4280180F000475B05 /* AnimatedBlobView.swift */,
				90D803DC2801796C00475B05 /* TimetableItem.swift */,
				90D803DE2801797500475B05 /* LunchItem.swift */,
				90D803D22800AAF100475B05 /* WhatsNew.swift */,
			);
			path = Components;
			sourceTree = "<group>";
		};
		90D803C72800A68B00475B05 /* Styles */ = {
			isa = PBXGroup;
			children = (
				90D803D02800AABC00475B05 /* AnimatableFontModifier.swift */,
				90D803D42800AB0E00475B05 /* Styles.swift */,
			);
			path = Styles;
			sourceTree = "<group>";
		};
/* End PBXGroup section */

/* Begin PBXNativeTarget section */
		9053214B2800A33600C6141E /* StuduWidgets */ = {
			isa = PBXNativeTarget;
			buildConfigurationList = 9053215A2800A33700C6141E /* Build configuration list for PBXNativeTarget "StuduWidgets" */;
			buildPhases = (
				905321482800A33600C6141E /* Sources */,
				905321492800A33600C6141E /* Frameworks */,
				9053214A2800A33600C6141E /* Resources */,
			);
			buildRules = (
			);
			dependencies = (
			);
			name = StuduWidgets;
			productName = studuwidgets;
			productReference = 9053214C2800A33600C6141E /* StuduWidgets.app */;
			productType = "com.apple.product-type.application";
		};
/* End PBXNativeTarget section */

/* Begin PBXProject section */
		905321442800A33600C6141E /* Project object */ = {
			isa = PBXProject;
			attributes = {
				BuildIndependentTargetsInParallel = 1;
				LastSwiftUpdateCheck = 1330;
				LastUpgradeCheck = 1330;
				TargetAttributes = {
					9053214B2800A33600C6141E = {
						CreatedOnToolsVersion = 13.3;
					};
				};
			};
			buildConfigurationList = 905321472800A33600C6141E /* Build configuration list for PBXProject "StuduWidgets" */;
			compatibilityVersion = "Xcode 13.0";
			developmentRegion = en;
			hasScannedForEncodings = 0;
			knownRegions = (
				en,
				Base,
			);
			mainGroup = 905321432800A33600C6141E;
			productRefGroup = 9053214D2800A33600C6141E /* Products */;
			projectDirPath = "";
			projectRoot = "";
			targets = (
				9053214B2800A33600C6141E /* StuduWidgets */,
			);
		};
/* End PBXProject section */

/* Begin PBXResourcesBuildPhase section */
		9053214A2800A33600C6141E /* Resources */ = {
			isa = PBXResourcesBuildPhase;
			buildActionMask = 2147483647;
			files = (
				90D803CB2800A6DC00475B05 /* LaunchScreen.storyboard in Resources */,
				905321572800A33700C6141E /* Preview Assets.xcassets in Resources */,
				905321542800A33700C6141E /* Assets.xcassets in Resources */,
			);
			runOnlyForDeploymentPostprocessing = 0;
		};
/* End PBXResourcesBuildPhase section */

/* Begin PBXSourcesBuildPhase section */
		905321482800A33600C6141E /* Sources */ = {
			isa = PBXSourcesBuildPhase;
			buildActionMask = 2147483647;
			files = (
				90D803CF2800AA8300475B05 /* NavigationBar.swift in Sources */,
				90D803D32800AAF100475B05 /* WhatsNew.swift in Sources */,
				90D803E328017E8A00475B05 /* LunchSheet.swift in Sources */,
				9053CC572802D93F00C0559F /* LoginView.swift in Sources */,
				905321502800A33600C6141E /* studuwidgetsApp.swift in Sources */,
				90D803E128017E8400475B05 /* TimetableSheet.swift in Sources */,
				90D803D52800AB0E00475B05 /* Styles.swift in Sources */,
				90D803E5280180F000475B05 /* AnimatedBlobView.swift in Sources */,
				90D803C42800A63600475B05 /* HomeView.swift in Sources */,
				90D803CD2800AA5B00475B05 /* PreferenceKeys.swift in Sources */,
				90D803DD2801796C00475B05 /* TimetableItem.swift in Sources */,
				90D803DF2801797500475B05 /* LunchItem.swift in Sources */,
				90D803D72800ABD200475B05 /* AccountView.swift in Sources */,
				90D803C92800A6A700475B05 /* ContentModel.swift in Sources */,
				9053CC5D2806E68900C0559F /* ColorStylesView.swift in Sources */,
				90D803D12800AABC00475B05 /* AnimatableFontModifier.swift in Sources */,
			);
			runOnlyForDeploymentPostprocessing = 0;
		};
/* End PBXSourcesBuildPhase section */

/* Begin XCBuildConfiguration section */
		905321582800A33700C6141E /* Debug */ = {
			isa = XCBuildConfiguration;
			buildSettings = {
				ALWAYS_SEARCH_USER_PATHS = NO;
				CLANG_ANALYZER_NONNULL = YES;
				CLANG_ANALYZER_NUMBER_OBJECT_CONVERSION = YES_AGGRESSIVE;
				CLANG_CXX_LANGUAGE_STANDARD = "gnu++17";
				CLANG_ENABLE_MODULES = YES;
				CLANG_ENABLE_OBJC_ARC = YES;
				CLANG_ENABLE_OBJC_WEAK = YES;
				CLANG_WARN_BLOCK_CAPTURE_AUTORELEASING = YES;
				CLANG_WARN_BOOL_CONVERSION = YES;
				CLANG_WARN_COMMA = YES;
				CLANG_WARN_CONSTANT_CONVERSION = YES;
				CLANG_WARN_DEPRECATED_OBJC_IMPLEMENTATIONS = YES;
				CLANG_WARN_DIRECT_OBJC_ISA_USAGE = YES_ERROR;
				CLANG_WARN_DOCUMENTATION_COMMENTS = YES;
				CLANG_WARN_EMPTY_BODY = YES;
				CLANG_WARN_ENUM_CONVERSION = YES;
				CLANG_WARN_INFINITE_RECURSION = YES;
				CLANG_WARN_INT_CONVERSION = YES;
				CLANG_WARN_NON_LITERAL_NULL_CONVERSION = YES;
				CLANG_WARN_OBJC_IMPLICIT_RETAIN_SELF = YES;
				CLANG_WARN_OBJC_LITERAL_CONVERSION = YES;
				CLANG_WARN_OBJC_ROOT_CLASS = YES_ERROR;
				CLANG_WARN_QUOTED_INCLUDE_IN_FRAMEWORK_HEADER = YES;
				CLANG_WARN_RANGE_LOOP_ANALYSIS = YES;
				CLANG_WARN_STRICT_PROTOTYPES = YES;
				CLANG_WARN_SUSPICIOUS_MOVE = YES;
				CLANG_WARN_UNGUARDED_AVAILABILITY = YES_AGGRESSIVE;
				CLANG_WARN_UNREACHABLE_CODE = YES;
				CLANG_WARN__DUPLICATE_METHOD_MATCH = YES;
				COPY_PHASE_STRIP = NO;
				DEBUG_INFORMATION_FORMAT = dwarf;
				ENABLE_STRICT_OBJC_MSGSEND = YES;
				ENABLE_TESTABILITY = YES;
				GCC_C_LANGUAGE_STANDARD = gnu11;
				GCC_DYNAMIC_NO_PIC = NO;
				GCC_NO_COMMON_BLOCKS = YES;
				GCC_OPTIMIZATION_LEVEL = 0;
				GCC_PREPROCESSOR_DEFINITIONS = (
					"DEBUG=1",
					"$(inherited)",
				);
				GCC_WARN_64_TO_32_BIT_CONVERSION = YES;
				GCC_WARN_ABOUT_RETURN_TYPE = YES_ERROR;
				GCC_WARN_UNDECLARED_SELECTOR = YES;
				GCC_WARN_UNINITIALIZED_AUTOS = YES_AGGRESSIVE;
				GCC_WARN_UNUSED_FUNCTION = YES;
				GCC_WARN_UNUSED_VARIABLE = YES;
				IPHONEOS_DEPLOYMENT_TARGET = 16.0;
				MTL_ENABLE_DEBUG_INFO = INCLUDE_SOURCE;
				MTL_FAST_MATH = YES;
				ONLY_ACTIVE_ARCH = YES;
				SDKROOT = iphoneos;
				SWIFT_ACTIVE_COMPILATION_CONDITIONS = DEBUG;
				SWIFT_OPTIMIZATION_LEVEL = "-Onone";
			};
			name = Debug;
		};
		905321592800A33700C6141E /* Release */ = {
			isa = XCBuildConfiguration;
			buildSettings = {
				ALWAYS_SEARCH_USER_PATHS = NO;
				CLANG_ANALYZER_NONNULL = YES;
				CLANG_ANALYZER_NUMBER_OBJECT_CONVERSION = YES_AGGRESSIVE;
				CLANG_CXX_LANGUAGE_STANDARD = "gnu++17";
				CLANG_ENABLE_MODULES = YES;
				CLANG_ENABLE_OBJC_ARC = YES;
				CLANG_ENABLE_OBJC_WEAK = YES;
				CLANG_WARN_BLOCK_CAPTURE_AUTORELEASING = YES;
				CLANG_WARN_BOOL_CONVERSION = YES;
				CLANG_WARN_COMMA = YES;
				CLANG_WARN_CONSTANT_CONVERSION = YES;
				CLANG_WARN_DEPRECATED_OBJC_IMPLEMENTATIONS = YES;
				CLANG_WARN_DIRECT_OBJC_ISA_USAGE = YES_ERROR;
				CLANG_WARN_DOCUMENTATION_COMMENTS = YES;
				CLANG_WARN_EMPTY_BODY = YES;
				CLANG_WARN_ENUM_CONVERSION = YES;
				CLANG_WARN_INFINITE_RECURSION = YES;
				CLANG_WARN_INT_CONVERSION = YES;
				CLANG_WARN_NON_LITERAL_NULL_CONVERSION = YES;
				CLANG_WARN_OBJC_IMPLICIT_RETAIN_SELF = YES;
				CLANG_WARN_OBJC_LITERAL_CONVERSION = YES;
				CLANG_WARN_OBJC_ROOT_CLASS = YES_ERROR;
				CLANG_WARN_QUOTED_INCLUDE_IN_FRAMEWORK_HEADER = YES;
				CLANG_WARN_RANGE_LOOP_ANALYSIS = YES;
				CLANG_WARN_STRICT_PROTOTYPES = YES;
				CLANG_WARN_SUSPICIOUS_MOVE = YES;
				CLANG_WARN_UNGUARDED_AVAILABILITY = YES_AGGRESSIVE;
				CLANG_WARN_UNREACHABLE_CODE = YES;
				CLANG_WARN__DUPLICATE_METHOD_MATCH = YES;
				COPY_PHASE_STRIP = NO;
				DEBUG_INFORMATION_FORMAT = "dwarf-with-dsym";
				ENABLE_NS_ASSERTIONS = NO;
				ENABLE_STRICT_OBJC_MSGSEND = YES;
				GCC_C_LANGUAGE_STANDARD = gnu11;
				GCC_NO_COMMON_BLOCKS = YES;
				GCC_WARN_64_TO_32_BIT_CONVERSION = YES;
				GCC_WARN_ABOUT_RETURN_TYPE = YES_ERROR;
				GCC_WARN_UNDECLARED_SELECTOR = YES;
				GCC_WARN_UNINITIALIZED_AUTOS = YES_AGGRESSIVE;
				GCC_WARN_UNUSED_FUNCTION = YES;
				GCC_WARN_UNUSED_VARIABLE = YES;
				IPHONEOS_DEPLOYMENT_TARGET = 16.0;
				MTL_ENABLE_DEBUG_INFO = NO;
				MTL_FAST_MATH = YES;
				SDKROOT = iphoneos;
				SWIFT_COMPILATION_MODE = wholemodule;
				SWIFT_OPTIMIZATION_LEVEL = "-O";
				VALIDATE_PRODUCT = YES;
			};
			name = Release;
		};
		9053215B2800A33700C6141E /* Debug */ = {
			isa = XCBuildConfiguration;
			buildSettings = {
				ASSETCATALOG_COMPILER_APPICON_NAME = AppIcon;
				ASSETCATALOG_COMPILER_GLOBAL_ACCENT_COLOR_NAME = AccentColor;
				CODE_SIGN_STYLE = Automatic;
				CURRENT_PROJECT_VERSION = 1;
				DEVELOPMENT_ASSET_PATHS = "\"studuwidgets/Preview Content\"";
				DEVELOPMENT_TEAM = NH6Z2BQ4LC;
				ENABLE_PREVIEWS = YES;
				GENERATE_INFOPLIST_FILE = YES;
				INFOPLIST_KEY_CFBundleDisplayName = StuduWidgets;
				INFOPLIST_KEY_LSApplicationCategoryType = "public.app-category.productivity";
				INFOPLIST_KEY_UIApplicationSceneManifest_Generation = YES;
				INFOPLIST_KEY_UIApplicationSupportsIndirectInputEvents = YES;
				INFOPLIST_KEY_UILaunchScreen_Generation = YES;
				INFOPLIST_KEY_UILaunchStoryboardName = LaunchScreen;
				INFOPLIST_KEY_UISupportedInterfaceOrientations_iPad = "UIInterfaceOrientationPortrait UIInterfaceOrientationPortraitUpsideDown UIInterfaceOrientationLandscapeLeft UIInterfaceOrientationLandscapeRight";
				INFOPLIST_KEY_UISupportedInterfaceOrientations_iPhone = "UIInterfaceOrientationPortrait ";
				IPHONEOS_DEPLOYMENT_TARGET = 16.0;
				LD_RUNPATH_SEARCH_PATHS = (
					"$(inherited)",
					"@executable_path/Frameworks",
				);
				MARKETING_VERSION = 0.0.1;
				PRODUCT_BUNDLE_IDENTIFIER = oi.studuwidgets;
				PRODUCT_NAME = StuduWidgets;
				SUPPORTED_PLATFORMS = "iphoneos iphonesimulator";
				SUPPORTS_MACCATALYST = NO;
				SUPPORTS_MAC_DESIGNED_FOR_IPHONE_IPAD = NO;
				SWIFT_EMIT_LOC_STRINGS = YES;
				SWIFT_VERSION = 5.0;
				TARGETED_DEVICE_FAMILY = 1;
			};
			name = Debug;
		};
		9053215C2800A33700C6141E /* Release */ = {
			isa = XCBuildConfiguration;
			buildSettings = {
				ASSETCATALOG_COMPILER_APPICON_NAME = AppIcon;
				ASSETCATALOG_COMPILER_GLOBAL_ACCENT_COLOR_NAME = AccentColor;
				CODE_SIGN_STYLE = Automatic;
				CURRENT_PROJECT_VERSION = 1;
				DEVELOPMENT_ASSET_PATHS = "\"studuwidgets/Preview Content\"";
				DEVELOPMENT_TEAM = NH6Z2BQ4LC;
				ENABLE_PREVIEWS = YES;
				GENERATE_INFOPLIST_FILE = YES;
				INFOPLIST_KEY_CFBundleDisplayName = StuduWidgets;
				INFOPLIST_KEY_LSApplicationCategoryType = "public.app-category.productivity";
				INFOPLIST_KEY_UIApplicationSceneManifest_Generation = YES;
				INFOPLIST_KEY_UIApplicationSupportsIndirectInputEvents = YES;
				INFOPLIST_KEY_UILaunchScreen_Generation = YES;
				INFOPLIST_KEY_UILaunchStoryboardName = LaunchScreen;
				INFOPLIST_KEY_UISupportedInterfaceOrientations_iPad = "UIInterfaceOrientationPortrait UIInterfaceOrientationPortraitUpsideDown UIInterfaceOrientationLandscapeLeft UIInterfaceOrientationLandscapeRight";
				INFOPLIST_KEY_UISupportedInterfaceOrientations_iPhone = "UIInterfaceOrientationPortrait ";
				IPHONEOS_DEPLOYMENT_TARGET = 16.0;
				LD_RUNPATH_SEARCH_PATHS = (
					"$(inherited)",
					"@executable_path/Frameworks",
				);
				MARKETING_VERSION = 0.0.1;
				PRODUCT_BUNDLE_IDENTIFIER = oi.studuwidgets;
				PRODUCT_NAME = StuduWidgets;
				SUPPORTED_PLATFORMS = "iphoneos iphonesimulator";
				SUPPORTS_MACCATALYST = NO;
				SUPPORTS_MAC_DESIGNED_FOR_IPHONE_IPAD = NO;
				SWIFT_EMIT_LOC_STRINGS = YES;
				SWIFT_VERSION = 5.0;
				TARGETED_DEVICE_FAMILY = 1;
			};
			name = Release;
		};
/* End XCBuildConfiguration section */

/* Begin XCConfigurationList section */
		905321472800A33600C6141E /* Build configuration list for PBXProject "StuduWidgets" */ = {
			isa = XCConfigurationList;
			buildConfigurations = (
				905321582800A33700C6141E /* Debug */,
				905321592800A33700C6141E /* Release */,
			);
			defaultConfigurationIsVisible = 0;
			defaultConfigurationName = Release;
		};
		9053215A2800A33700C6141E /* Build configuration list for PBXNativeTarget "StuduWidgets" */ = {
			isa = XCConfigurationList;
			buildConfigurations = (
				9053215B2800A33700C6141E /* Debug */,
				9053215C2800A33700C6141E /* Release */,
			);
			defaultConfigurationIsVisible = 0;
			defaultConfigurationName = Release;
		};
/* End XCConfigurationList section */
	};
	rootObject = 905321442800A33600C6141E /* Project object */;
}
